
Microsoft Visual Studio Solution File, Format Version 12.00
# Visual Studio 14
VisualStudioVersion = 14.0.25420.1
MinimumVisualStudioVersion = 10.0.40219.1
Project("{FAE04EC0-301F-11D3-BF4B-00C04F79EFBC}") = "LayerMap", "LayerMap\LayerMap.csproj", "{75AFC854-0304-48A9-A4C5-37B4A9610474}"
EndProject
Project("{FAE04EC0-301F-11D3-BF4B-00C04F79EFBC}") = "ConfigBuilder", "ConfigBuilder\ConfigBuilder.csproj", "{B0104511-4A6A-4E29-AAF8-187E1DDB900A}"
EndProject
Global
	GlobalSection(SolutionConfigurationPlatforms) = preSolution
		Debug|Any CPU = Debug|Any CPU
		Release|Any CPU = Release|Any CPU
	EndGlobalSection
	GlobalSection(ProjectConfigurationPlatforms) = postSolution
		{75AFC854-0304-48A9-A4C5-37B4A9610474}.Debug|Any CPU.ActiveCfg = Debug|Any CPU
		{75AFC854-0304-48A9-A4C5-37B4A9610474}.Debug|Any CPU.Build.0 = Debug|Any CPU
		{75AFC854-0304-48A9-A4C5-37B4A9610474}.Release|Any CPU.ActiveCfg = Release|Any CPU
		{75AFC854-0304-48A9-A4C5-37B4A9610474}.Release|Any CPU.Build.0 = Release|Any CPU
		{B0104511-4A6A-4E29-AAF8-187E1DDB900A}.Debug|Any CPU.ActiveCfg = Debug|Any CPU
		{B0104511-4A6A-4E29-AAF8-187E1DDB900A}.Debug|Any CPU.Build.0 = Debug|Any CPU
		{B0104511-4A6A-4E29-AAF8-187E1DDB900A}.Release|Any CPU.ActiveCfg = Release|Any CPU
		{B0104511-4A6A-4E29-AAF8-187E1DDB900A}.Release|Any CPU.Build.0 = Release|Any CPU
	EndGlobalSection
	GlobalSection(SolutionProperties) = preSolution
		HideSolutionNode = FALSE
	EndGlobalSection
EndGlobal
